{
  "name": "driver-ccminer",
  "version": "0.0.1",
  "lockfileVersion": 1,
  "requires": true,
  "dependencies": {
    "javascript-state-machine": {
      "version": "3.0.1",
      "resolved": "https://registry.npmjs.org/javascript-state-machine/-/javascript-state-machine-3.0.1.tgz",
      "integrity": "sha1-MnMgM2ogNk4mtR2RZiwU8U1B6lI="
    },
    "lodash": {
      "version": "4.17.4",
      "resolved": "https://registry.npmjs.org/lodash/-/lodash-4.17.4.tgz",
      "integrity": "sha1-eCA6TRwyiuHYbcpkYONptX9AVa4="
    }
  }
}
