{
  "name": "store",
  "version": "0.0.1",
  "lockfileVersion": 1,
  "requires": true,
  "dependencies": {
    "graceful-fs": {
      "version": "4.1.11",
      "resolved": "https://registry.npmjs.org/graceful-fs/-/graceful-fs-4.1.11.tgz",
      "integrity": "sha1-Dovf5NHduIVNZOBOp8AOKgJuVlg="
    },
    "js-tokens": {
      "version": "3.0.2",
      "resolved": "https://registry.npmjs.org/js-tokens/-/js-tokens-3.0.2.tgz",
      "integrity": "sha1-mGbfOVECEw449/mWvOtlRDIJwls="
    },
    "lodash": {
      "version": "4.17.4",
      "resolved": "https://registry.npmjs.org/lodash/-/lodash-4.17.4.tgz",
      "integrity": "sha1-eCA6TRwyiuHYbcpkYONptX9AVa4="
    },
    "lodash-es": {
      "version": "4.17.4",
      "resolved": "https://registry.npmjs.org/lodash-es/-/lodash-es-4.17.4.tgz",
      "integrity": "sha1-3MHXVS4VCgZABzupyzHXDwMpUOc="
    },
    "loose-envify": {
      "version": "1.3.1",
      "resolved": "https://registry.npmjs.org/loose-envify/-/loose-envify-1.3.1.tgz",
      "integrity": "sha1-0aitM/qc4OcT1l/dCsi3SNR4yEg=",
      "requires": {
        "js-tokens": "3.0.2"
      }
    },
    "object-path": {
      "version": "0.11.4",
      "resolved": "https://registry.npmjs.org/object-path/-/object-path-0.11.4.tgz",
      "integrity": "sha1-NwrnUvvzfePqcKhhwju6iRVpGUk="
    },
    "read-json-sync": {
      "version": "2.0.0",
      "resolved": "https://registry.npmjs.org/read-json-sync/-/read-json-sync-2.0.0.tgz",
      "integrity": "sha512-3w/Gh40X24GJACTWhbs9d7adcLTeQ+/6RgDN4Tq2lmwgLFC7cdBmEZt/uPg2HqL1Le64zrvAQpQlP7QxGFDI+A==",
      "requires": {
        "graceful-fs": "4.1.11"
      }
    },
    "redux": {
      "version": "3.7.2",
      "resolved": "https://registry.npmjs.org/redux/-/redux-3.7.2.tgz",
      "integrity": "sha512-pNqnf9q1hI5HHZRBkj3bAngGZW/JMCmexDlOxw4XagXY2o1327nHH54LoTjiPJ0gizoqPDRqWyX/00g0hD6w+A==",
      "requires": {
        "lodash": "4.17.4",
        "lodash-es": "4.17.4",
        "loose-envify": "1.3.1",
        "symbol-observable": "1.1.0"
      }
    },
    "symbol-observable": {
      "version": "1.1.0",
      "resolved": "https://registry.npmjs.org/symbol-observable/-/symbol-observable-1.1.0.tgz",
      "integrity": "sha512-dQoid9tqQ+uotGhuTKEY11X4xhyYePVnqGSoSm3OGKh2E8LZ6RPULp1uXTctk33IeERlrRJYoVSBglsL05F5Uw=="
    }
  }
}
